// !$*UTF8*$!
{
	archiveVersion = 1;
	classes = {
	};
	objectVersion = 48;
	objects = {

/* Begin PBXBuildFile section */
		4FA4E7A120618772008AEDB3 /* AppDelegate.m in Sources */ = {isa = PBXBuildFile; fileRef = 4FA4E7A020618772008AEDB3 /* AppDelegate.m */; };
		4FA4E7A420618772008AEDB3 /* ViewController.m in Sources */ = {isa = PBXBuildFile; fileRef = 4FA4E7A320618772008AEDB3 /* ViewController.m */; };
		4FA4E7A720618772008AEDB3 /* Main.storyboard in Resources */ = {isa = PBXBuildFile; fileRef = 4FA4E7A520618772008AEDB3 /* Main.storyboard */; };
		4FA4E7A920618772008AEDB3 /* Assets.xcassets in Resources */ = {isa = PBXBuildFile; fileRef = 4FA4E7A820618772008AEDB3 /* Assets.xcassets */; };
		4FA4E7AF20618773008AEDB3 /* main.m in Sources */ = {isa = PBXBuildFile; fileRef = 4FA4E7AE20618773008AEDB3 /* main.m */; };
		4FA4E7B72061890D008AEDB3 /* TableViewController.m in Sources */ = {isa = PBXBuildFile; fileRef = 4FA4E7B62061890D008AEDB3 /* TableViewController.m */; };
		4FA4E7BA20618939008AEDB3 /* TableViewCell.m in Sources */ = {isa = PBXBuildFile; fileRef = 4FA4E7B920618939008AEDB3 /* TableViewCell.m */; };
		4FA4E7C4206193A3008AEDB3 /* stadeolympique.jpg in Resources */ = {isa = PBXBuildFile; fileRef = 4FA4E7C1206193A3008AEDB3 /* stadeolympique.jpg */; };
		4FA4E7C5206193A3008AEDB3 /* laronde.jpg in Resources */ = {isa = PBXBuildFile; fileRef = 4FA4E7C2206193A3008AEDB3 /* laronde.jpg */; };
		4FA4E7C6206193A3008AEDB3 /* insectarium.jpg in Resources */ = {isa = PBXBuildFile; fileRef = 4FA4E7C3206193A3008AEDB3 /* insectarium.jpg */; };
		4FA4E7C9206195D5008AEDB3 /* montroyal.jpg in Resources */ = {isa = PBXBuildFile; fileRef = 4FA4E7C7206195D4008AEDB3 /* montroyal.jpg */; };
		4FA4E7CA206195D5008AEDB3 /* museegrevin.jpg in Resources */ = {isa = PBXBuildFile; fileRef = 4FA4E7C8206195D4008AEDB3 /* museegrevin.jpg */; };
		4FA4E7CD206197A6008AEDB3 /* biosphere.jpg in Resources */ = {isa = PBXBuildFile; fileRef = 4FA4E7CB206197A6008AEDB3 /* biosphere.jpg */; };
		4FA4E7CE206197A6008AEDB3 /* oratoire.png in Resources */ = {isa = PBXBuildFile; fileRef = 4FA4E7CC206197A6008AEDB3 /* oratoire.png */; };
		4FA4E7D120619BDC008AEDB3 /* DetailsViewController.m in Sources */ = {isa = PBXBuildFile; fileRef = 4FA4E7D020619BDC008AEDB3 /* DetailsViewController.m */; };
		4FA4E7D42061A86E008AEDB3 /* MapKit.framework in Frameworks */ = {isa = PBXBuildFile; fileRef = 4FA4E7D32061A86E008AEDB3 /* MapKit.framework */; };
		4FA4E7D72061B4A9008AEDB3 /* Landmark.m in Sources */ = {isa = PBXBuildFile; fileRef = 4FA4E7D62061B4A9008AEDB3 /* Landmark.m */; };
		4FA4E7DA2061DDF9008AEDB3 /* MapPin.m in Sources */ = {isa = PBXBuildFile; fileRef = 4FA4E7D92061DDF9008AEDB3 /* MapPin.m */; };
		4FF57BBB206474E6007F47A0 /* LandmarkModel.xcdatamodeld in Sources */ = {isa = PBXBuildFile; fileRef = 4FF57BB9206474E6007F47A0 /* LandmarkModel.xcdatamodeld */; };
/* End PBXBuildFile section */

/* Begin PBXFileReference section */
		4FA4E79C20618772008AEDB3 /* TableView.app */ = {isa = PBXFileReference; explicitFileType = wrapper.application; includeInIndex = 0; path = TableView.app; sourceTree = BUILT_PRODUCTS_DIR; };
		4FA4E79F20618772008AEDB3 /* AppDelegate.h */ = {isa = PBXFileReference; lastKnownFileType = sourcecode.c.h; path = AppDelegate.h; sourceTree = "<group>"; };
		4FA4E7A020618772008AEDB3 /* AppDelegate.m */ = {isa = PBXFileReference; lastKnownFileType = sourcecode.c.objc; path = AppDelegate.m; sourceTree = "<group>"; };
		4FA4E7A220618772008AEDB3 /* ViewController.h */ = {isa = PBXFileReference; lastKnownFileType = sourcecode.c.h; path = ViewController.h; sourceTree = "<group>"; };
		4FA4E7A320618772008AEDB3 /* ViewController.m */ = {isa = PBXFileReference; lastKnownFileType = sourcecode.c.objc; path = ViewController.m; sourceTree = "<group>"; };
		4FA4E7A620618772008AEDB3 /* Base */ = {isa = PBXFileReference; lastKnownFileType = file.storyboard; name = Base; path = Base.lproj/Main.storyboard; sourceTree = "<group>"; };
		4FA4E7A820618772008AEDB3 /* Assets.xcassets */ = {isa = PBXFileReference; lastKnownFileType = folder.assetcatalog; path = Assets.xcassets; sourceTree = "<group>"; };
		4FA4E7AD20618773008AEDB3 /* Info.plist */ = {isa = PBXFileReference; lastKnownFileType = text.plist.xml; path = Info.plist; sourceTree = "<group>"; };
		4FA4E7AE20618773008AEDB3 /* main.m */ = {isa = PBXFileReference; lastKnownFileType = sourcecode.c.objc; path = main.m; sourceTree = "<group>"; };
		4FA4E7B52061890D008AEDB3 /* TableViewController.h */ = {isa = PBXFileReference; lastKnownFileType = sourcecode.c.h; path = TableViewController.h; sourceTree = "<group>"; };
		4FA4E7B62061890D008AEDB3 /* TableViewController.m */ = {isa = PBXFileReference; lastKnownFileType = sourcecode.c.objc; path = TableViewController.m; sourceTree = "<group>"; };
		4FA4E7B820618939008AEDB3 /* TableViewCell.h */ = {isa = PBXFileReference; lastKnownFileType = sourcecode.c.h; path = TableViewCell.h; sourceTree = "<group>"; };
		4FA4E7B920618939008AEDB3 /* TableViewCell.m */ = {isa = PBXFileReference; lastKnownFileType = sourcecode.c.objc; path = TableViewCell.m; sourceTree = "<group>"; };
		4FA4E7C1206193A3008AEDB3 /* stadeolympique.jpg */ = {isa = PBXFileReference; lastKnownFileType = image.jpeg; name = stadeolympique.jpg; path = Assets.xcassets/stadeolympique.jpg; sourceTree = "<group>"; };
		4FA4E7C2206193A3008AEDB3 /* laronde.jpg */ = {isa = PBXFileReference; lastKnownFileType = image.jpeg; name = laronde.jpg; path = Assets.xcassets/laronde.jpg; sourceTree = "<group>"; };
		4FA4E7C3206193A3008AEDB3 /* insectarium.jpg */ = {isa = PBXFileReference; lastKnownFileType = image.jpeg; name = insectarium.jpg; path = Assets.xcassets/insectarium.jpg; sourceTree = "<group>"; };
		4FA4E7C7206195D4008AEDB3 /* montroyal.jpg */ = {isa = PBXFileReference; lastKnownFileType = image.jpeg; name = montroyal.jpg; path = Assets.xcassets/montroyal.jpg; sourceTree = "<group>"; };
		4FA4E7C8206195D4008AEDB3 /* museegrevin.jpg */ = {isa = PBXFileReference; lastKnownFileType = image.jpeg; name = museegrevin.jpg; path = Assets.xcassets/museegrevin.jpg; sourceTree = "<group>"; };
		4FA4E7CB206197A6008AEDB3 /* biosphere.jpg */ = {isa = PBXFileReference; lastKnownFileType = image.jpeg; name = biosphere.jpg; path = Assets.xcassets/biosphere.jpg; sourceTree = "<group>"; };
		4FA4E7CC206197A6008AEDB3 /* oratoire.png */ = {isa = PBXFileReference; lastKnownFileType = image.png; name = oratoire.png; path = Assets.xcassets/oratoire.png; sourceTree = "<group>"; };
		4FA4E7CF20619BDC008AEDB3 /* DetailsViewController.h */ = {isa = PBXFileReference; lastKnownFileType = sourcecode.c.h; path = DetailsViewController.h; sourceTree = "<group>"; };
		4FA4E7D020619BDC008AEDB3 /* DetailsViewController.m */ = {isa = PBXFileReference; lastKnownFileType = sourcecode.c.objc; path = DetailsViewController.m; sourceTree = "<group>"; };
		4FA4E7D32061A86E008AEDB3 /* MapKit.framework */ = {isa = PBXFileReference; lastKnownFileType = wrapper.framework; name = MapKit.framework; path = System/Library/Frameworks/MapKit.framework; sourceTree = SDKROOT; };
		4FA4E7D52061B4A9008AEDB3 /* Landmark.h */ = {isa = PBXFileReference; lastKnownFileType = sourcecode.c.h; path = Landmark.h; sourceTree = "<group>"; };
		4FA4E7D62061B4A9008AEDB3 /* Landmark.m */ = {isa = PBXFileReference; lastKnownFileType = sourcecode.c.objc; path = Landmark.m; sourceTree = "<group>"; };
		4FA4E7D82061DDF9008AEDB3 /* MapPin.h */ = {isa = PBXFileReference; lastKnownFileType = sourcecode.c.h; path = MapPin.h; sourceTree = "<group>"; };
		4FA4E7D92061DDF9008AEDB3 /* MapPin.m */ = {isa = PBXFileReference; lastKnownFileType = sourcecode.c.objc; path = MapPin.m; sourceTree = "<group>"; };
		4FF57BBA206474E6007F47A0 /* LandmarkModel.xcdatamodel */ = {isa = PBXFileReference; lastKnownFileType = wrapper.xcdatamodel; path = LandmarkModel.xcdatamodel; sourceTree = "<group>"; };
/* End PBXFileReference section */

/* Begin PBXFrameworksBuildPhase section */
		4FA4E79920618772008AEDB3 /* Frameworks */ = {
			isa = PBXFrameworksBuildPhase;
			buildActionMask = 2147483647;
			files = (
				4FA4E7D42061A86E008AEDB3 /* MapKit.framework in Frameworks */,
			);
			runOnlyForDeploymentPostprocessing = 0;
		};
/* End PBXFrameworksBuildPhase section */

/* Begin PBXGroup section */
		4FA4E79320618772008AEDB3 = {
			isa = PBXGroup;
			children = (
				4FA4E79E20618772008AEDB3 /* TableView */,
				4FA4E79D20618772008AEDB3 /* Products */,
				4FA4E7D22061A86E008AEDB3 /* Frameworks */,
			);
			sourceTree = "<group>";
		};
		4FA4E79D20618772008AEDB3 /* Products */ = {
			isa = PBXGroup;
			children = (
				4FA4E79C20618772008AEDB3 /* TableView.app */,
			);
			name = Products;
			sourceTree = "<group>";
		};
		4FA4E79E20618772008AEDB3 /* TableView */ = {
			isa = PBXGroup;
			children = (
				4FA4E79F20618772008AEDB3 /* AppDelegate.h */,
				4FA4E7A020618772008AEDB3 /* AppDelegate.m */,
				4FA4E7B52061890D008AEDB3 /* TableViewController.h */,
				4FA4E7B62061890D008AEDB3 /* TableViewController.m */,
				4FF57BB9206474E6007F47A0 /* LandmarkModel.xcdatamodeld */,
				4FA4E7B820618939008AEDB3 /* TableViewCell.h */,
				4FA4E7B920618939008AEDB3 /* TableViewCell.m */,
				4FA4E7A220618772008AEDB3 /* ViewController.h */,
				4FA4E7A320618772008AEDB3 /* ViewController.m */,
				4FA4E7D82061DDF9008AEDB3 /* MapPin.h */,
				4FA4E7D92061DDF9008AEDB3 /* MapPin.m */,
				4FA4E7CF20619BDC008AEDB3 /* DetailsViewController.h */,
				4FA4E7D020619BDC008AEDB3 /* DetailsViewController.m */,
				4FA4E7A520618772008AEDB3 /* Main.storyboard */,
				4FA4E7A820618772008AEDB3 /* Assets.xcassets */,
				4FA4E7C7206195D4008AEDB3 /* montroyal.jpg */,
				4FA4E7C8206195D4008AEDB3 /* museegrevin.jpg */,
				4FA4E7C3206193A3008AEDB3 /* insectarium.jpg */,
				4FA4E7C2206193A3008AEDB3 /* laronde.jpg */,
				4FA4E7C1206193A3008AEDB3 /* stadeolympique.jpg */,
				4FA4E7CC206197A6008AEDB3 /* oratoire.png */,
				4FA4E7CB206197A6008AEDB3 /* biosphere.jpg */,
				4FA4E7AD20618773008AEDB3 /* Info.plist */,
				4FA4E7AE20618773008AEDB3 /* main.m */,
				4FA4E7D52061B4A9008AEDB3 /* Landmark.h */,
				4FA4E7D62061B4A9008AEDB3 /* Landmark.m */,
			);
			path = TableView;
			sourceTree = "<group>";
		};
		4FA4E7D22061A86E008AEDB3 /* Frameworks */ = {
			isa = PBXGroup;
			children = (
				4FA4E7D32061A86E008AEDB3 /* MapKit.framework */,
			);
			name = Frameworks;
			sourceTree = "<group>";
		};
/* End PBXGroup section */

/* Begin PBXNativeTarget section */
		4FA4E79B20618772008AEDB3 /* TableView */ = {
			isa = PBXNativeTarget;
			buildConfigurationList = 4FA4E7B220618773008AEDB3 /* Build configuration list for PBXNativeTarget "TableView" */;
			buildPhases = (
				4FA4E79820618772008AEDB3 /* Sources */,
				4FA4E79920618772008AEDB3 /* Frameworks */,
				4FA4E79A20618772008AEDB3 /* Resources */,
			);
			buildRules = (
			);
			dependencies = (
			);
			name = TableView;
			productName = TableView;
			productReference = 4FA4E79C20618772008AEDB3 /* TableView.app */;
			productType = "com.apple.product-type.application";
		};
/* End PBXNativeTarget section */

/* Begin PBXProject section */
		4FA4E79420618772008AEDB3 /* Project object */ = {
			isa = PBXProject;
			attributes = {
				LastUpgradeCheck = 0930;
				ORGANIZATIONNAME = "Louis-Simon Poulin";
				TargetAttributes = {
					4FA4E79B20618772008AEDB3 = {
						CreatedOnToolsVersion = 9.2;
						ProvisioningStyle = Automatic;
						SystemCapabilities = {
							com.apple.Maps.iOS = {
								enabled = 1;
							};
						};
					};
				};
			};
			buildConfigurationList = 4FA4E79720618772008AEDB3 /* Build configuration list for PBXProject "TableView" */;
			compatibilityVersion = "Xcode 8.0";
			developmentRegion = en;
			hasScannedForEncodings = 0;
			knownRegions = (
				en,
				Base,
			);
			mainGroup = 4FA4E79320618772008AEDB3;
			productRefGroup = 4FA4E79D20618772008AEDB3 /* Products */;
			projectDirPath = "";
			projectRoot = "";
			targets = (
				4FA4E79B20618772008AEDB3 /* TableView */,
			);
		};
/* End PBXProject section */

/* Begin PBXResourcesBuildPhase section */
		4FA4E79A20618772008AEDB3 /* Resources */ = {
			isa = PBXResourcesBuildPhase;
			buildActionMask = 2147483647;
			files = (
				4FA4E7C9206195D5008AEDB3 /* montroyal.jpg in Resources */,
				4FA4E7C5206193A3008AEDB3 /* laronde.jpg in Resources */,
				4FA4E7C6206193A3008AEDB3 /* insectarium.jpg in Resources */,
				4FA4E7A920618772008AEDB3 /* Assets.xcassets in Resources */,
				4FA4E7CE206197A6008AEDB3 /* oratoire.png in Resources */,
				4FA4E7C4206193A3008AEDB3 /* stadeolympique.jpg in Resources */,
				4FA4E7A720618772008AEDB3 /* Main.storyboard in Resources */,
				4FA4E7CA206195D5008AEDB3 /* museegrevin.jpg in Resources */,
				4FA4E7CD206197A6008AEDB3 /* biosphere.jpg in Resources */,
			);
			runOnlyForDeploymentPostprocessing = 0;
		};
/* End PBXResourcesBuildPhase section */

/* Begin PBXSourcesBuildPhase section */
		4FA4E79820618772008AEDB3 /* Sources */ = {
			isa = PBXSourcesBuildPhase;
			buildActionMask = 2147483647;
			files = (
				4FA4E7DA2061DDF9008AEDB3 /* MapPin.m in Sources */,
				4FF57BBB206474E6007F47A0 /* LandmarkModel.xcdatamodeld in Sources */,
				4FA4E7A420618772008AEDB3 /* ViewController.m in Sources */,
				4FA4E7AF20618773008AEDB3 /* main.m in Sources */,
				4FA4E7A120618772008AEDB3 /* AppDelegate.m in Sources */,
				4FA4E7D72061B4A9008AEDB3 /* Landmark.m in Sources */,
				4FA4E7D120619BDC008AEDB3 /* DetailsViewController.m in Sources */,
				4FA4E7BA20618939008AEDB3 /* TableViewCell.m in Sources */,
				4FA4E7B72061890D008AEDB3 /* TableViewController.m in Sources */,
			);
			runOnlyForDeploymentPostprocessing = 0;
		};
/* End PBXSourcesBuildPhase section */

/* Begin PBXVariantGroup section */
		4FA4E7A520618772008AEDB3 /* Main.storyboard */ = {
			isa = PBXVariantGroup;
			children = (
				4FA4E7A620618772008AEDB3 /* Base */,
			);
			name = Main.storyboard;
			sourceTree = "<group>";
		};
/* End PBXVariantGroup section */

/* Begin XCBuildConfiguration section */
		4FA4E7B020618773008AEDB3 /* Debug */ = {
			isa = XCBuildConfiguration;
			buildSettings = {
				ALWAYS_SEARCH_USER_PATHS = NO;
				CLANG_ANALYZER_NONNULL = YES;
				CLANG_ANALYZER_NUMBER_OBJECT_CONVERSION = YES_AGGRESSIVE;
				CLANG_CXX_LANGUAGE_STANDARD = "gnu++14";
				CLANG_CXX_LIBRARY = "libc++";
				CLANG_ENABLE_MODULES = YES;
				CLANG_ENABLE_OBJC_ARC = YES;
				CLANG_WARN_BLOCK_CAPTURE_AUTORELEASING = YES;
				CLANG_WARN_BOOL_CONVERSION = YES;
				CLANG_WARN_COMMA = YES;
				CLANG_WARN_CONSTANT_CONVERSION = YES;
				CLANG_WARN_DEPRECATED_OBJC_IMPLEMENTATIONS = YES;
				CLANG_WARN_DIRECT_OBJC_ISA_USAGE = YES_ERROR;
				CLANG_WARN_DOCUMENTATION_COMMENTS = YES;
				CLANG_WARN_EMPTY_BODY = YES;
				CLANG_WARN_ENUM_CONVERSION = YES;
				CLANG_WARN_INFINITE_RECURSION = YES;
				CLANG_WARN_INT_CONVERSION = YES;
				CLANG_WARN_NON_LITERAL_NULL_CONVERSION = YES;
				CLANG_WARN_OBJC_IMPLICIT_RETAIN_SELF = YES;
				CLANG_WARN_OBJC_LITERAL_CONVERSION = YES;
				CLANG_WARN_OBJC_ROOT_CLASS = YES_ERROR;
				CLANG_WARN_RANGE_LOOP_ANALYSIS = YES;
				CLANG_WARN_STRICT_PROTOTYPES = YES;
				CLANG_WARN_SUSPICIOUS_MOVE = YES;
				CLANG_WARN_UNGUARDED_AVAILABILITY = YES_AGGRESSIVE;
				CLANG_WARN_UNREACHABLE_CODE = YES;
				CLANG_WARN__DUPLICATE_METHOD_MATCH = YES;
				CODE_SIGN_IDENTITY = "iPhone Developer";
				COPY_PHASE_STRIP = NO;
				DEBUG_INFORMATION_FORMAT = dwarf;
				ENABLE_STRICT_OBJC_MSGSEND = YES;
				ENABLE_TESTABILITY = YES;
				GCC_C_LANGUAGE_STANDARD = gnu11;
				GCC_DYNAMIC_NO_PIC = NO;
				GCC_NO_COMMON_BLOCKS = YES;
				GCC_OPTIMIZATION_LEVEL = 0;
				GCC_PREPROCESSOR_DEFINITIONS = (
					"DEBUG=1",
					"$(inherited)",
				);
				GCC_WARN_64_TO_32_BIT_CONVERSION = YES;
				GCC_WARN_ABOUT_RETURN_TYPE = YES_ERROR;
				GCC_WARN_UNDECLARED_SELECTOR = YES;
				GCC_WARN_UNINITIALIZED_AUTOS = YES_AGGRESSIVE;
				GCC_WARN_UNUSED_FUNCTION = YES;
				GCC_WARN_UNUSED_VARIABLE = YES;
				IPHONEOS_DEPLOYMENT_TARGET = 11.2;
				MTL_ENABLE_DEBUG_INFO = YES;
				ONLY_ACTIVE_ARCH = YES;
				SDKROOT = iphoneos;
			};
			name = Debug;
		};
		4FA4E7B120618773008AEDB3 /* Release */ = {
			isa = XCBuildConfiguration;
			buildSettings = {
				ALWAYS_SEARCH_USER_PATHS = NO;
				CLANG_ANALYZER_NONNULL = YES;
				CLANG_ANALYZER_NUMBER_OBJECT_CONVERSION = YES_AGGRESSIVE;
				CLANG_CXX_LANGUAGE_STANDARD = "gnu++14";
				CLANG_CXX_LIBRARY = "libc++";
				CLANG_ENABLE_MODULES = YES;
				CLANG_ENABLE_OBJC_ARC = YES;
				CLANG_WARN_BLOCK_CAPTURE_AUTORELEASING = YES;
				CLANG_WARN_BOOL_CONVERSION = YES;
				CLANG_WARN_COMMA = YES;
				CLANG_WARN_CONSTANT_CONVERSION = YES;
				CLANG_WARN_DEPRECATED_OBJC_IMPLEMENTATIONS = YES;
				CLANG_WARN_DIRECT_OBJC_ISA_USAGE = YES_ERROR;
				CLANG_WARN_DOCUMENTATION_COMMENTS = YES;
				CLANG_WARN_EMPTY_BODY = YES;
				CLANG_WARN_ENUM_CONVERSION = YES;
				CLANG_WARN_INFINITE_RECURSION = YES;
				CLANG_WARN_INT_CONVERSION = YES;
				CLANG_WARN_NON_LITERAL_NULL_CONVERSION = YES;
				CLANG_WARN_OBJC_IMPLICIT_RETAIN_SELF = YES;
				CLANG_WARN_OBJC_LITERAL_CONVERSION = YES;
				CLANG_WARN_OBJC_ROOT_CLASS = YES_ERROR;
				CLANG_WARN_RANGE_LOOP_ANALYSIS = YES;
				CLANG_WARN_STRICT_PROTOTYPES = YES;
				CLANG_WARN_SUSPICIOUS_MOVE = YES;
				CLANG_WARN_UNGUARDED_AVAILABILITY = YES_AGGRESSIVE;
				CLANG_WARN_UNREACHABLE_CODE = YES;
				CLANG_WARN__DUPLICATE_METHOD_MATCH = YES;
				CODE_SIGN_IDENTITY = "iPhone Developer";
				COPY_PHASE_STRIP = NO;
				DEBUG_INFORMATION_FORMAT = "dwarf-with-dsym";
				ENABLE_NS_ASSERTIONS = NO;
				ENABLE_STRICT_OBJC_MSGSEND = YES;
				GCC_C_LANGUAGE_STANDARD = gnu11;
				GCC_NO_COMMON_BLOCKS = YES;
				GCC_WARN_64_TO_32_BIT_CONVERSION = YES;
				GCC_WARN_ABOUT_RETURN_TYPE = YES_ERROR;
				GCC_WARN_UNDECLARED_SELECTOR = YES;
				GCC_WARN_UNINITIALIZED_AUTOS = YES_AGGRESSIVE;
				GCC_WARN_UNUSED_FUNCTION = YES;
				GCC_WARN_UNUSED_VARIABLE = YES;
				IPHONEOS_DEPLOYMENT_TARGET = 11.2;
				MTL_ENABLE_DEBUG_INFO = NO;
				SDKROOT = iphoneos;
				VALIDATE_PRODUCT = YES;
			};
			name = Release;
		};
		4FA4E7B320618773008AEDB3 /* Debug */ = {
			isa = XCBuildConfiguration;
			buildSettings = {
				ASSETCATALOG_COMPILER_APPICON_NAME = AppIcon;
				CODE_SIGN_STYLE = Automatic;
				DEVELOPMENT_TEAM = 5V2CQ8ZSEH;
				INFOPLIST_FILE = TableView/Info.plist;
				LD_RUNPATH_SEARCH_PATHS = "$(inherited) @executable_path/Frameworks";
				PRODUCT_BUNDLE_IDENTIFIER = ca.qc.collegeahuntsic.TableView;
				PRODUCT_NAME = "$(TARGET_NAME)";
				SWIFT_VERSION = 3.2;
				TARGETED_DEVICE_FAMILY = "1,2";
			};
			name = Debug;
		};
		4FA4E7B420618773008AEDB3 /* Release */ = {
			isa = XCBuildConfiguration;
			buildSettings = {
				ASSETCATALOG_COMPILER_APPICON_NAME = AppIcon;
				CODE_SIGN_STYLE = Automatic;
				DEVELOPMENT_TEAM = 5V2CQ8ZSEH;
				INFOPLIST_FILE = TableView/Info.plist;
				LD_RUNPATH_SEARCH_PATHS = "$(inherited) @executable_path/Frameworks";
				PRODUCT_BUNDLE_IDENTIFIER = ca.qc.collegeahuntsic.TableView;
				PRODUCT_NAME = "$(TARGET_NAME)";
				SWIFT_VERSION = 3.2;
				TARGETED_DEVICE_FAMILY = "1,2";
			};
			name = Release;
		};
/* End XCBuildConfiguration section */

/* Begin XCConfigurationList section */
		4FA4E79720618772008AEDB3 /* Build configuration list for PBXProject "TableView" */ = {
			isa = XCConfigurationList;
			buildConfigurations = (
				4FA4E7B020618773008AEDB3 /* Debug */,
				4FA4E7B120618773008AEDB3 /* Release */,
			);
			defaultConfigurationIsVisible = 0;
			defaultConfigurationName = Release;
		};
		4FA4E7B220618773008AEDB3 /* Build configuration list for PBXNativeTarget "TableView" */ = {
			isa = XCConfigurationList;
			buildConfigurations = (
				4FA4E7B320618773008AEDB3 /* Debug */,
				4FA4E7B420618773008AEDB3 /* Release */,
			);
			defaultConfigurationIsVisible = 0;
			defaultConfigurationName = Release;
		};
/* End XCConfigurationList section */

/* Begin XCVersionGroup section */
		4FF57BB9206474E6007F47A0 /* LandmarkModel.xcdatamodeld */ = {
			isa = XCVersionGroup;
			children = (
				4FF57BBA206474E6007F47A0 /* LandmarkModel.xcdatamodel */,
			);
			currentVersion = 4FF57BBA206474E6007F47A0 /* LandmarkModel.xcdatamodel */;
			path = LandmarkModel.xcdatamodeld;
			sourceTree = "<group>";
			versionGroupType = wrapper.xcdatamodel;
		};
/* End XCVersionGroup section */
	};
	rootObject = 4FA4E79420618772008AEDB3 /* Project object */;
}
